// !$*UTF8*$!
{
	archiveVersion = 1;
	classes = {
	};
	objectVersion = 46;
	objects = {

/* Begin PBXBuildFile section */
		3B6F1F6C1645C48F00330662 /* Foundation.framework in Frameworks */ = {isa = PBXBuildFile; fileRef = 3B6F1F6B1645C48F00330662 /* Foundation.framework */; };
		3B6F1F711645C48F00330662 /* libsnes.h in CopyFiles */ = {isa = PBXBuildFile; fileRef = 3B6F1F701645C48F00330662 /* libsnes.h */; };
		3B6F1F731645C48F00330662 /* libsnes.m in Sources */ = {isa = PBXBuildFile; fileRef = 3B6F1F721645C48F00330662 /* libsnes.m */; };
		3B6F1FC31645C4A900330662 /* 2xsaiwin.cpp in Sources */ = {isa = PBXBuildFile; fileRef = 3B6F1F791645C4A900330662 /* 2xsaiwin.cpp */; };
		3B6F1FC41645C4A900330662 /* apu.cpp in Sources */ = {isa = PBXBuildFile; fileRef = 3B6F1F7C1645C4A900330662 /* apu.cpp */; };
		3B6F1FC51645C4A900330662 /* c4.cpp in Sources */ = {isa = PBXBuildFile; fileRef = 3B6F1F801645C4A900330662 /* c4.cpp */; };
		3B6F1FC61645C4A900330662 /* c4emu.cpp in Sources */ = {isa = PBXBuildFile; fileRef = 3B6F1F821645C4A900330662 /* c4emu.cpp */; };
		3B6F1FC71645C4A900330662 /* cheats.cpp in Sources */ = {isa = PBXBuildFile; fileRef = 3B6F1F831645C4A900330662 /* cheats.cpp */; };
		3B6F1FC81645C4A900330662 /* cheats2.cpp in Sources */ = {isa = PBXBuildFile; fileRef = 3B6F1F851645C4A900330662 /* cheats2.cpp */; };
		3B6F1FC91645C4A900330662 /* clip.cpp in Sources */ = {isa = PBXBuildFile; fileRef = 3B6F1F861645C4A900330662 /* clip.cpp */; };
		3B6F1FCA1645C4A900330662 /* cpu.cpp in Sources */ = {isa = PBXBuildFile; fileRef = 3B6F1F881645C4A900330662 /* cpu.cpp */; };
		3B6F1FCB1645C4A900330662 /* cpuexec.cpp in Sources */ = {isa = PBXBuildFile; fileRef = 3B6F1F8A1645C4A900330662 /* cpuexec.cpp */; };
		3B6F1FCC1645C4A900330662 /* cpuops.cpp in Sources */ = {isa = PBXBuildFile; fileRef = 3B6F1F8D1645C4A900330662 /* cpuops.cpp */; };
		3B6F1FCD1645C4A900330662 /* data.cpp in Sources */ = {isa = PBXBuildFile; fileRef = 3B6F1F8F1645C4A900330662 /* data.cpp */; };
		3B6F1FCE1645C4A900330662 /* dma.cpp in Sources */ = {isa = PBXBuildFile; fileRef = 3B6F1F921645C4A900330662 /* dma.cpp */; };
		3B6F1FD01645C4A900330662 /* dsp1.cpp in Sources */ = {isa = PBXBuildFile; fileRef = 3B6F1F961645C4A900330662 /* dsp1.cpp */; };
		3B6F1FD11645C4A900330662 /* dsp1emu_fixed.c in Sources */ = {isa = PBXBuildFile; fileRef = 3B6F1F981645C4A900330662 /* dsp1emu_fixed.c */; };
		3B6F1FD21645C4A900330662 /* dsp1emu_yo.c in Sources */ = {isa = PBXBuildFile; fileRef = 3B6F1F991645C4A900330662 /* dsp1emu_yo.c */; };
		3B6F1FD31645C4A900330662 /* dsp1emu.c in Sources */ = {isa = PBXBuildFile; fileRef = 3B6F1F9A1645C4A900330662 /* dsp1emu.c */; };
		3B6F1FD41645C4A900330662 /* dsp2emu.c in Sources */ = {isa = PBXBuildFile; fileRef = 3B6F1F9B1645C4A900330662 /* dsp2emu.c */; };
		3B6F1FD61645C4A900330662 /* frame_skip.cpp in Sources */ = {isa = PBXBuildFile; fileRef = 3B6F1F9E1645C4A900330662 /* frame_skip.cpp */; };
		3B6F1FD71645C4A900330662 /* fxdbg.cpp in Sources */ = {isa = PBXBuildFile; fileRef = 3B6F1FA01645C4A900330662 /* fxdbg.cpp */; };
		3B6F1FD81645C4A900330662 /* fxemu.cpp in Sources */ = {isa = PBXBuildFile; fileRef = 3B6F1FA11645C4A900330662 /* fxemu.cpp */; };
		3B6F1FD91645C4A900330662 /* fxinst.cpp in Sources */ = {isa = PBXBuildFile; fileRef = 3B6F1FA31645C4A900330662 /* fxinst.cpp */; };
		3B6F1FDA1645C4A900330662 /* gfx_org.cpp in Sources */ = {isa = PBXBuildFile; fileRef = 3B6F1FA71645C4A900330662 /* gfx_org.cpp */; };
		3B6F1FDB1645C4A900330662 /* gfx.cpp in Sources */ = {isa = PBXBuildFile; fileRef = 3B6F1FA81645C4A900330662 /* gfx.cpp */; };
		3B6F1FDC1645C4A900330662 /* giz_kgsdk.c in Sources */ = {isa = PBXBuildFile; fileRef = 3B6F1FAA1645C4A900330662 /* giz_kgsdk.c */; };
		3B6F1FDD1645C4A900330662 /* giz_kgsdkasm.s in Sources */ = {isa = PBXBuildFile; fileRef = 3B6F1FAC1645C4A900330662 /* giz_kgsdkasm.s */; };
		3B6F1FDE1645C4A900330662 /* giz_sdk_kgsdk.c in Sources */ = {isa = PBXBuildFile; fileRef = 3B6F1FAD1645C4A900330662 /* giz_sdk_kgsdk.c */; };
		3B6F1FDF1645C4A900330662 /* globals.cpp in Sources */ = {isa = PBXBuildFile; fileRef = 3B6F1FAF1645C4A900330662 /* globals.cpp */; };
		3B6F1FE01645C4A900330662 /* gp2x_highlightbar.c in Sources */ = {isa = PBXBuildFile; fileRef = 3B6F1FB01645C4A900330662 /* gp2x_highlightbar.c */; };
		3B6F1FE11645C4A900330662 /* gp2x_menu_header.c in Sources */ = {isa = PBXBuildFile; fileRef = 3B6F1FB11645C4A900330662 /* gp2x_menu_header.c */; };
		3B6F1FE21645C4A900330662 /* gp2x_menutile.c in Sources */ = {isa = PBXBuildFile; fileRef = 3B6F1FB21645C4A900330662 /* gp2x_menutile.c */; };
		3B6F1FE31645C4A900330662 /* gp2x_sdk.c in Sources */ = {isa = PBXBuildFile; fileRef = 3B6F1FB31645C4A900330662 /* gp2x_sdk.c */; };
		3B6F1FE41645C4A900330662 /* input.m in Sources */ = {isa = PBXBuildFile; fileRef = 3B6F1FB91645C4A900330662 /* input.m */; };
		3B6F1FE51645C4A900330662 /* ioapi.c in Sources */ = {isa = PBXBuildFile; fileRef = 3B6F1FBA1645C4A900330662 /* ioapi.c */; };
		3B6F1FE61645C4A900330662 /* iphone_highlightbar.c in Sources */ = {isa = PBXBuildFile; fileRef = 3B6F1FBC1645C4A900330662 /* iphone_highlightbar.c */; };
		3B6F1FE71645C4A900330662 /* iphone_menu_header.c in Sources */ = {isa = PBXBuildFile; fileRef = 3B6F1FBD1645C4A900330662 /* iphone_menu_header.c */; };
		3B6F1FE81645C4A900330662 /* iphone_menutile.c in Sources */ = {isa = PBXBuildFile; fileRef = 3B6F1FBE1645C4A900330662 /* iphone_menutile.c */; };
		3B6F1FE91645C4A900330662 /* iphone_sdk.c in Sources */ = {isa = PBXBuildFile; fileRef = 3B6F1FBF1645C4A900330662 /* iphone_sdk.c */; };
		3B6F20481645C4BB00330662 /* loadzip.cpp in Sources */ = {isa = PBXBuildFile; fileRef = 3B6F1FEA1645C4BB00330662 /* loadzip.cpp */; };
		3B6F204A1645C4BB00330662 /* main.mm in Sources */ = {isa = PBXBuildFile; fileRef = 3B6F1FEC1645C4BB00330662 /* main.mm */; };
		3B6F204C1645C4BB00330662 /* memcpy.s in Sources */ = {isa = PBXBuildFile; fileRef = 3B6F1FEF1645C4BB00330662 /* memcpy.s */; };
		3B6F204D1645C4BB00330662 /* memmap.cpp in Sources */ = {isa = PBXBuildFile; fileRef = 3B6F1FF01645C4BB00330662 /* memmap.cpp */; };
		3B6F204E1645C4BB00330662 /* memset.s in Sources */ = {isa = PBXBuildFile; fileRef = 3B6F1FF21645C4BB00330662 /* memset.s */; };
		3B6F204F1645C4BB00330662 /* menu.m in Sources */ = {isa = PBXBuildFile; fileRef = 3B6F1FF61645C4BB00330662 /* menu.m */; };
		3B6F20501645C4BB00330662 /* misc.s in Sources */ = {isa = PBXBuildFile; fileRef = 3B6F1FF81645C4BB00330662 /* misc.s */; };
		3B6F20511645C4BB00330662 /* mmuhack.c in Sources */ = {isa = PBXBuildFile; fileRef = 3B6F1FFA1645C4BB00330662 /* mmuhack.c */; };
		3B6F20521645C4BB00330662 /* movie.cpp in Sources */ = {isa = PBXBuildFile; fileRef = 3B6F1FFB1645C4BB00330662 /* movie.cpp */; };
		3B6F20531645C4BB00330662 /* os9x_65c816.S in Sources */ = {isa = PBXBuildFile; fileRef = 3B6F20041645C4BB00330662 /* os9x_65c816.S */; };
		3B6F20541645C4BB00330662 /* os9x_asm_cpu.cpp in Sources */ = {isa = PBXBuildFile; fileRef = 3B6F20051645C4BB00330662 /* os9x_asm_cpu.cpp */; };
		3B6F20551645C4BB00330662 /* osnes9xgp_asmfunc.S in Sources */ = {isa = PBXBuildFile; fileRef = 3B6F20071645C4BB00330662 /* osnes9xgp_asmfunc.S */; };
		3B6F20561645C4BB00330662 /* pocketpc.cpp in Sources */ = {isa = PBXBuildFile; fileRef = 3B6F20091645C4BB00330662 /* pocketpc.cpp */; };
		3B6F20571645C4BB00330662 /* PocketSNES.cpp in Sources */ = {isa = PBXBuildFile; fileRef = 3B6F200B1645C4BB00330662 /* PocketSNES.cpp */; };
		3B6F20581645C4BB00330662 /* ppu_.cpp in Sources */ = {isa = PBXBuildFile; fileRef = 3B6F20111645C4BB00330662 /* ppu_.cpp */; };
		3B6F20591645C4BB00330662 /* ppu.cpp in Sources */ = {isa = PBXBuildFile; fileRef = 3B6F20121645C4BB00330662 /* ppu.cpp */; };
		3B6F205A1645C4BB00330662 /* render8 orr.S in Sources */ = {isa = PBXBuildFile; fileRef = 3B6F20151645C4BB00330662 /* render8 orr.S */; };
		3B6F205B1645C4BB00330662 /* sa1.cpp in Sources */ = {isa = PBXBuildFile; fileRef = 3B6F20171645C4BB00330662 /* sa1.cpp */; };
		3B6F205C1645C4BB00330662 /* sa1cpu.cpp in Sources */ = {isa = PBXBuildFile; fileRef = 3B6F20191645C4BB00330662 /* sa1cpu.cpp */; };
		3B6F205D1645C4BB00330662 /* screenshot.cpp in Sources */ = {isa = PBXBuildFile; fileRef = 3B6F201B1645C4BB00330662 /* screenshot.cpp */; };
		3B6F205E1645C4BB00330662 /* sdd1.cpp in Sources */ = {isa = PBXBuildFile; fileRef = 3B6F201D1645C4BB00330662 /* sdd1.cpp */; };
		3B6F205F1645C4BB00330662 /* sdd1emu.cpp in Sources */ = {isa = PBXBuildFile; fileRef = 3B6F201F1645C4BB00330662 /* sdd1emu.cpp */; };
		3B6F20601645C4BB00330662 /* seta.cpp in Sources */ = {isa = PBXBuildFile; fileRef = 3B6F20211645C4BB00330662 /* seta.cpp */; };
		3B6F20611645C4BB00330662 /* seta010.cpp in Sources */ = {isa = PBXBuildFile; fileRef = 3B6F20231645C4BB00330662 /* seta010.cpp */; };
		3B6F20621645C4BB00330662 /* seta011.cpp in Sources */ = {isa = PBXBuildFile; fileRef = 3B6F20241645C4BB00330662 /* seta011.cpp */; };
		3B6F20631645C4BB00330662 /* seta018.cpp in Sources */ = {isa = PBXBuildFile; fileRef = 3B6F20251645C4BB00330662 /* seta018.cpp */; };
		3B6F20641645C4BB00330662 /* snaporig.cpp in Sources */ = {isa = PBXBuildFile; fileRef = 3B6F20261645C4BB00330662 /* snaporig.cpp */; };
		3B6F20651645C4BB00330662 /* snapshot.cpp in Sources */ = {isa = PBXBuildFile; fileRef = 3B6F20281645C4BB00330662 /* snapshot.cpp */; };
		3B6F20661645C4BB00330662 /* snes9x.cpp in Sources */ = {isa = PBXBuildFile; fileRef = 3B6F202B1645C4BB00330662 /* snes9x.cpp */; };
		3B6F20671645C4BB00330662 /* soundux.cpp in Sources */ = {isa = PBXBuildFile; fileRef = 3B6F202D1645C4BB00330662 /* soundux.cpp */; };
		3B6F20681645C4BB00330662 /* sounduxnew.cpp in Sources */ = {isa = PBXBuildFile; fileRef = 3B6F202F1645C4BB00330662 /* sounduxnew.cpp */; };
		3B6F20691645C4BB00330662 /* spc_decode.S in Sources */ = {isa = PBXBuildFile; fileRef = 3B6F20311645C4BB00330662 /* spc_decode.S */; };
		3B6F206A1645C4BB00330662 /* spc700.cpp in Sources */ = {isa = PBXBuildFile; fileRef = 3B6F20321645C4BB00330662 /* spc700.cpp */; };
		3B6F206B1645C4BB00330662 /* spc700a.s in Sources */ = {isa = PBXBuildFile; fileRef = 3B6F20341645C4BB00330662 /* spc700a.s */; };
		3B6F206C1645C4BB00330662 /* squidgehack.c in Sources */ = {isa = PBXBuildFile; fileRef = 3B6F20351645C4BB00330662 /* squidgehack.c */; };
		3B6F206D1645C4BB00330662 /* srtc.cpp in Sources */ = {isa = PBXBuildFile; fileRef = 3B6F20371645C4BB00330662 /* srtc.cpp */; };
		3B6F206E1645C4BB00330662 /* tile_org.cpp in Sources */ = {isa = PBXBuildFile; fileRef = 3B6F20391645C4BB00330662 /* tile_org.cpp */; };
		3B6F206F1645C4BB00330662 /* tile.cpp in Sources */ = {isa = PBXBuildFile; fileRef = 3B6F203B1645C4BB00330662 /* tile.cpp */; };
		3B6F20701645C4BB00330662 /* tiledave.cpp in Sources */ = {isa = PBXBuildFile; fileRef = 3B6F203D1645C4BB00330662 /* tiledave.cpp */; };
		3B6F20711645C4BB00330662 /* tilenew.cpp in Sources */ = {isa = PBXBuildFile; fileRef = 3B6F203E1645C4BB00330662 /* tilenew.cpp */; };
		3B6F20721645C4BB00330662 /* unzip.c in Sources */ = {isa = PBXBuildFile; fileRef = 3B6F203F1645C4BB00330662 /* unzip.c */; };
		3B6F20731645C4BB00330662 /* usbjoy.c in Sources */ = {isa = PBXBuildFile; fileRef = 3B6F20411645C4BB00330662 /* usbjoy.c */; };
		3B6F20741645C4BB00330662 /* VOIMAGE.CPP in Sources */ = {isa = PBXBuildFile; fileRef = 3B6F20431645C4BB00330662 /* VOIMAGE.CPP */; };
/* End PBXBuildFile section */

/* Begin PBXCopyFilesBuildPhase section */
		3B6F1F661645C48F00330662 /* CopyFiles */ = {
			isa = PBXCopyFilesBuildPhase;
			buildActionMask = 2147483647;
			dstPath = "include/${PRODUCT_NAME}";
			dstSubfolderSpec = 16;
			files = (
				3B6F1F711645C48F00330662 /* libsnes.h in CopyFiles */,
			);
			runOnlyForDeploymentPostprocessing = 0;
		};
/* End PBXCopyFilesBuildPhase section */

/* Begin PBXFileReference section */
		3B6F1F681645C48F00330662 /* liblibsnes.a */ = {isa = PBXFileReference; explicitFileType = archive.ar; includeInIndex = 0; path = liblibsnes.a; sourceTree = BUILT_PRODUCTS_DIR; };
		3B6F1F6B1645C48F00330662 /* Foundation.framework */ = {isa = PBXFileReference; lastKnownFileType = wrapper.framework; name = Foundation.framework; path = System/Library/Frameworks/Foundation.framework; sourceTree = SDKROOT; };
		3B6F1F6F1645C48F00330662 /* libsnes-Prefix.pch */ = {isa = PBXFileReference; lastKnownFileType = sourcecode.c.h; path = "libsnes-Prefix.pch"; sourceTree = "<group>"; };
		3B6F1F701645C48F00330662 /* libsnes.h */ = {isa = PBXFileReference; lastKnownFileType = sourcecode.c.h; path = libsnes.h; sourceTree = "<group>"; };
		3B6F1F721645C48F00330662 /* libsnes.m */ = {isa = PBXFileReference; lastKnownFileType = sourcecode.c.objc; path = libsnes.m; sourceTree = "<group>"; };
		3B6F1F791645C4A900330662 /* 2xsaiwin.cpp */ = {isa = PBXFileReference; fileEncoding = 4; lastKnownFileType = sourcecode.cpp.cpp; name = 2xsaiwin.cpp; path = ../../2xsaiwin.cpp; sourceTree = "<group>"; };
		3B6F1F7A1645C4A900330662 /* 3d.h */ = {isa = PBXFileReference; fileEncoding = 4; lastKnownFileType = sourcecode.c.h; name = 3d.h; path = ../../3d.h; sourceTree = "<group>"; };
		3B6F1F7B1645C4A900330662 /* 65c816.h */ = {isa = PBXFileReference; fileEncoding = 4; lastKnownFileType = sourcecode.c.h; name = 65c816.h; path = ../../65c816.h; sourceTree = "<group>"; };
		3B6F1F7C1645C4A900330662 /* apu.cpp */ = {isa = PBXFileReference; fileEncoding = 4; lastKnownFileType = sourcecode.cpp.cpp; name = apu.cpp; path = ../../apu.cpp; sourceTree = "<group>"; };
		3B6F1F7D1645C4A900330662 /* apu.h */ = {isa = PBXFileReference; fileEncoding = 4; lastKnownFileType = sourcecode.c.h; name = apu.h; path = ../../apu.h; sourceTree = "<group>"; };
		3B6F1F7E1645C4A900330662 /* apumem.h */ = {isa = PBXFileReference; fileEncoding = 4; lastKnownFileType = sourcecode.c.h; name = apumem.h; path = ../../apumem.h; sourceTree = "<group>"; };
		3B6F1F7F1645C4A900330662 /* asmmemfuncs.h */ = {isa = PBXFileReference; fileEncoding = 4; lastKnownFileType = sourcecode.c.h; name = asmmemfuncs.h; path = ../../asmmemfuncs.h; sourceTree = "<group>"; };
		3B6F1F801645C4A900330662 /* c4.cpp */ = {isa = PBXFileReference; fileEncoding = 4; lastKnownFileType = sourcecode.cpp.cpp; name = c4.cpp; path = ../../c4.cpp; sourceTree = "<group>"; };
		3B6F1F811645C4A900330662 /* c4.h */ = {isa = PBXFileReference; fileEncoding = 4; lastKnownFileType = sourcecode.c.h; name = c4.h; path = ../../c4.h; sourceTree = "<group>"; };
		3B6F1F821645C4A900330662 /* c4emu.cpp */ = {isa = PBXFileReference; fileEncoding = 4; lastKnownFileType = sourcecode.cpp.cpp; name = c4emu.cpp; path = ../../c4emu.cpp; sourceTree = "<group>"; };
		3B6F1F831645C4A900330662 /* cheats.cpp */ = {isa = PBXFileReference; fileEncoding = 4; lastKnownFileType = sourcecode.cpp.cpp; name = cheats.cpp; path = ../../cheats.cpp; sourceTree = "<group>"; };
		3B6F1F841645C4A900330662 /* cheats.h */ = {isa = PBXFileReference; fileEncoding = 4; lastKnownFileType = sourcecode.c.h; name = cheats.h; path = ../../cheats.h; sourceTree = "<group>"; };
		3B6F1F851645C4A900330662 /* cheats2.cpp */ = {isa = PBXFileReference; fileEncoding = 4; lastKnownFileType = sourcecode.cpp.cpp; name = cheats2.cpp; path = ../../cheats2.cpp; sourceTree = "<group>"; };
		3B6F1F861645C4A900330662 /* clip.cpp */ = {isa = PBXFileReference; fileEncoding = 4; lastKnownFileType = sourcecode.cpp.cpp; name = clip.cpp; path = ../../clip.cpp; sourceTree = "<group>"; };
		3B6F1F871645C4A900330662 /* copyright.h */ = {isa = PBXFileReference; fileEncoding = 4; lastKnownFileType = sourcecode.c.h; name = copyright.h; path = ../../copyright.h; sourceTree = "<group>"; };
		3B6F1F881645C4A900330662 /* cpu.cpp */ = {isa = PBXFileReference; fileEncoding = 4; lastKnownFileType = sourcecode.cpp.cpp; name = cpu.cpp; path = ../../cpu.cpp; sourceTree = "<group>"; };
		3B6F1F891645C4A900330662 /* cpuaddr.h */ = {isa = PBXFileReference; fileEncoding = 4; lastKnownFileType = sourcecode.c.h; name = cpuaddr.h; path = ../../cpuaddr.h; sourceTree = "<group>"; };
		3B6F1F8A1645C4A900330662 /* cpuexec.cpp */ = {isa = PBXFileReference; fileEncoding = 4; lastKnownFileType = sourcecode.cpp.cpp; name = cpuexec.cpp; path = ../../cpuexec.cpp; sourceTree = "<group>"; };
		3B6F1F8B1645C4A900330662 /* cpuexec.h */ = {isa = PBXFileReference; fileEncoding = 4; lastKnownFileType = sourcecode.c.h; name = cpuexec.h; path = ../../cpuexec.h; sourceTree = "<group>"; };
		3B6F1F8C1645C4A900330662 /* cpumacro.h */ = {isa = PBXFileReference; fileEncoding = 4; lastKnownFileType = sourcecode.c.h; name = cpumacro.h; path = ../../cpumacro.h; sourceTree = "<group>"; };
		3B6F1F8D1645C4A900330662 /* cpuops.cpp */ = {isa = PBXFileReference; fileEncoding = 4; lastKnownFileType = sourcecode.cpp.cpp; name = cpuops.cpp; path = ../../cpuops.cpp; sourceTree = "<group>"; };
		3B6F1F8E1645C4A900330662 /* cpuops.h */ = {isa = PBXFileReference; fileEncoding = 4; lastKnownFileType = sourcecode.c.h; name = cpuops.h; path = ../../cpuops.h; sourceTree = "<group>"; };
		3B6F1F8F1645C4A900330662 /* data.cpp */ = {isa = PBXFileReference; fileEncoding = 4; lastKnownFileType = sourcecode.cpp.cpp; name = data.cpp; path = ../../data.cpp; sourceTree = "<group>"; };
		3B6F1F901645C4A900330662 /* debug.h */ = {isa = PBXFileReference; fileEncoding = 4; lastKnownFileType = sourcecode.c.h; name = debug.h; path = ../../debug.h; sourceTree = "<group>"; };
		3B6F1F911645C4A900330662 /* display.h */ = {isa = PBXFileReference; fileEncoding = 4; lastKnownFileType = sourcecode.c.h; name = display.h; path = ../../display.h; sourceTree = "<group>"; };
		3B6F1F921645C4A900330662 /* dma.cpp */ = {isa = PBXFileReference; fileEncoding = 4; lastKnownFileType = sourcecode.cpp.cpp; name = dma.cpp; path = ../../dma.cpp; sourceTree = "<group>"; };
		3B6F1F931645C4A900330662 /* dma.h */ = {isa = PBXFileReference; fileEncoding = 4; lastKnownFileType = sourcecode.c.h; name = dma.h; path = ../../dma.h; sourceTree = "<group>"; };
		3B6F1F951645C4A900330662 /* dsp1_gp32.h */ = {isa = PBXFileReference; fileEncoding = 4; lastKnownFileType = sourcecode.c.h; name = dsp1_gp32.h; path = ../../dsp1_gp32.h; sourceTree = "<group>"; };
		3B6F1F961645C4A900330662 /* dsp1.cpp */ = {isa = PBXFileReference; fileEncoding = 4; lastKnownFileType = sourcecode.cpp.cpp; name = dsp1.cpp; path = ../../dsp1.cpp; sourceTree = "<group>"; };
		3B6F1F971645C4A900330662 /* dsp1.h */ = {isa = PBXFileReference; fileEncoding = 4; lastKnownFileType = sourcecode.c.h; name = dsp1.h; path = ../../dsp1.h; sourceTree = "<group>"; };
		3B6F1F981645C4A900330662 /* dsp1emu_fixed.c */ = {isa = PBXFileReference; fileEncoding = 4; lastKnownFileType = sourcecode.c.c; name = dsp1emu_fixed.c; path = ../../dsp1emu_fixed.c; sourceTree = "<group>"; };
		3B6F1F991645C4A900330662 /* dsp1emu_yo.c */ = {isa = PBXFileReference; fileEncoding = 4; lastKnownFileType = sourcecode.c.c; name = dsp1emu_yo.c; path = ../../dsp1emu_yo.c; sourceTree = "<group>"; };
		3B6F1F9A1645C4A900330662 /* dsp1emu.c */ = {isa = PBXFileReference; fileEncoding = 4; lastKnownFileType = sourcecode.c.c; name = dsp1emu.c; path = ../../dsp1emu.c; sourceTree = "<group>"; };
		3B6F1F9B1645C4A900330662 /* dsp2emu.c */ = {isa = PBXFileReference; fileEncoding = 4; lastKnownFileType = sourcecode.c.c; name = dsp2emu.c; path = ../../dsp2emu.c; sourceTree = "<group>"; };
		3B6F1F9D1645C4A900330662 /* font.h */ = {isa = PBXFileReference; fileEncoding = 4; lastKnownFileType = sourcecode.c.h; name = font.h; path = ../../font.h; sourceTree = "<group>"; };
		3B6F1F9E1645C4A900330662 /* frame_skip.cpp */ = {isa = PBXFileReference; fileEncoding = 4; lastKnownFileType = sourcecode.cpp.cpp; name = frame_skip.cpp; path = ../../frame_skip.cpp; sourceTree = "<group>"; };
		3B6F1F9F1645C4A900330662 /* frame_skip.h */ = {isa = PBXFileReference; fileEncoding = 4; lastKnownFileType = sourcecode.c.h; name = frame_skip.h; path = ../../frame_skip.h; sourceTree = "<group>"; };
		3B6F1FA01645C4A900330662 /* fxdbg.cpp */ = {isa = PBXFileReference; fileEncoding = 4; lastKnownFileType = sourcecode.cpp.cpp; name = fxdbg.cpp; path = ../../fxdbg.cpp; sourceTree = "<group>"; };
		3B6F1FA11645C4A900330662 /* fxemu.cpp */ = {isa = PBXFileReference; fileEncoding = 4; lastKnownFileType = sourcecode.cpp.cpp; name = fxemu.cpp; path = ../../fxemu.cpp; sourceTree = "<group>"; };
		3B6F1FA21645C4A900330662 /* fxemu.h */ = {isa = PBXFileReference; fileEncoding = 4; lastKnownFileType = sourcecode.c.h; name = fxemu.h; path = ../../fxemu.h; sourceTree = "<group>"; };
		3B6F1FA31645C4A900330662 /* fxinst.cpp */ = {isa = PBXFileReference; fileEncoding = 4; lastKnownFileType = sourcecode.cpp.cpp; name = fxinst.cpp; path = ../../fxinst.cpp; sourceTree = "<group>"; };
		3B6F1FA41645C4A900330662 /* fxinst.h */ = {isa = PBXFileReference; fileEncoding = 4; lastKnownFileType = sourcecode.c.h; name = fxinst.h; path = ../../fxinst.h; sourceTree = "<group>"; };
		3B6F1FA51645C4A900330662 /* gammatab.h */ = {isa = PBXFileReference; fileEncoding = 4; lastKnownFileType = sourcecode.c.h; name = gammatab.h; path = ../../gammatab.h; sourceTree = "<group>"; };
		3B6F1FA61645C4A900330662 /* getset.h */ = {isa = PBXFileReference; fileEncoding = 4; lastKnownFileType = sourcecode.c.h; name = getset.h; path = ../../getset.h; sourceTree = "<group>"; };
		3B6F1FA71645C4A900330662 /* gfx_org.cpp */ = {isa = PBXFileReference; fileEncoding = 4; lastKnownFileType = sourcecode.cpp.cpp; name = gfx_org.cpp; path = ../../gfx_org.cpp; sourceTree = "<group>"; };
		3B6F1FA81645C4A900330662 /* gfx.cpp */ = {isa = PBXFileReference; fileEncoding = 4; lastKnownFileType = sourcecode.cpp.cpp; name = gfx.cpp; path = ../../gfx.cpp; sourceTree = "<group>"; };
		3B6F1FA91645C4A900330662 /* gfx.h */ = {isa = PBXFileReference; fileEncoding = 4; lastKnownFileType = sourcecode.c.h; name = gfx.h; path = ../../gfx.h; sourceTree = "<group>"; };
		3B6F1FAA1645C4A900330662 /* giz_kgsdk.c */ = {isa = PBXFileReference; fileEncoding = 4; lastKnownFileType = sourcecode.c.c; name = giz_kgsdk.c; path = ../../giz_kgsdk.c; sourceTree = "<group>"; };
		3B6F1FAB1645C4A900330662 /* giz_kgsdk.h */ = {isa = PBXFileReference; fileEncoding = 4; lastKnownFileType = sourcecode.c.h; name = giz_kgsdk.h; path = ../../giz_kgsdk.h; sourceTree = "<group>"; };
		3B6F1FAC1645C4A900330662 /* giz_kgsdkasm.s */ = {isa = PBXFileReference; explicitFileType = sourcecode.asm.llvm; fileEncoding = 4; name = giz_kgsdkasm.s; path = ../../giz_kgsdkasm.s; sourceTree = "<group>"; };
		3B6F1FAD1645C4A900330662 /* giz_sdk_kgsdk.c */ = {isa = PBXFileReference; fileEncoding = 4; lastKnownFileType = sourcecode.c.c; name = giz_sdk_kgsdk.c; path = ../../giz_sdk_kgsdk.c; sourceTree = "<group>"; };
		3B6F1FAE1645C4A900330662 /* giz_sdk_kgsdk.h */ = {isa = PBXFileReference; fileEncoding = 4; lastKnownFileType = sourcecode.c.h; name = giz_sdk_kgsdk.h; path = ../../giz_sdk_kgsdk.h; sourceTree = "<group>"; };
		3B6F1FAF1645C4A900330662 /* globals.cpp */ = {isa = PBXFileReference; fileEncoding = 4; lastKnownFileType = sourcecode.cpp.cpp; name = globals.cpp; path = ../../globals.cpp; sourceTree = "<group>"; };
		3B6F1FB01645C4A900330662 /* gp2x_highlightbar.c */ = {isa = PBXFileReference; fileEncoding = 4; lastKnownFileType = sourcecode.c.c; name = gp2x_highlightbar.c; path = ../../gp2x_highlightbar.c; sourceTree = "<group>"; };
		3B6F1FB11645C4A900330662 /* gp2x_menu_header.c */ = {isa = PBXFileReference; fileEncoding = 4; lastKnownFileType = sourcecode.c.c; name = gp2x_menu_header.c; path = ../../gp2x_menu_header.c; sourceTree = "<group>"; };
		3B6F1FB21645C4A900330662 /* gp2x_menutile.c */ = {isa = PBXFileReference; fileEncoding = 4; lastKnownFileType = sourcecode.c.c; name = gp2x_menutile.c; path = ../../gp2x_menutile.c; sourceTree = "<group>"; };
		3B6F1FB31645C4A900330662 /* gp2x_sdk.c */ = {isa = PBXFileReference; fileEncoding = 4; lastKnownFileType = sourcecode.c.c; name = gp2x_sdk.c; path = ../../gp2x_sdk.c; sourceTree = "<group>"; };
		3B6F1FB41645C4A900330662 /* gp2x_sdk.h */ = {isa = PBXFileReference; fileEncoding = 4; lastKnownFileType = sourcecode.c.h; name = gp2x_sdk.h; path = ../../gp2x_sdk.h; sourceTree = "<group>"; };
		3B6F1FB51645C4A900330662 /* gp32_func.h */ = {isa = PBXFileReference; fileEncoding = 4; lastKnownFileType = sourcecode.c.h; name = gp32_func.h; path = ../../gp32_func.h; sourceTree = "<group>"; };
		3B6F1FB61645C4A900330662 /* gx.h */ = {isa = PBXFileReference; fileEncoding = 4; lastKnownFileType = sourcecode.c.h; name = gx.h; path = ../../gx.h; sourceTree = "<group>"; };
		3B6F1FB71645C4A900330662 /* imgdecmp.h */ = {isa = PBXFileReference; fileEncoding = 4; lastKnownFileType = sourcecode.c.h; name = imgdecmp.h; path = ../../imgdecmp.h; sourceTree = "<group>"; };
		3B6F1FB81645C4A900330662 /* imgrendr.h */ = {isa = PBXFileReference; fileEncoding = 4; lastKnownFileType = sourcecode.c.h; name = imgrendr.h; path = ../../imgrendr.h; sourceTree = "<group>"; };
		3B6F1FB91645C4A900330662 /* input.m */ = {isa = PBXFileReference; fileEncoding = 4; lastKnownFileType = sourcecode.c.objc; name = input.m; path = ../../input.m; sourceTree = "<group>"; };
		3B6F1FBA1645C4A900330662 /* ioapi.c */ = {isa = PBXFileReference; fileEncoding = 4; lastKnownFileType = sourcecode.c.c; name = ioapi.c; path = ../../ioapi.c; sourceTree = "<group>"; };
		3B6F1FBB1645C4A900330662 /* ioapi.h */ = {isa = PBXFileReference; fileEncoding = 4; lastKnownFileType = sourcecode.c.h; name = ioapi.h; path = ../../ioapi.h; sourceTree = "<group>"; };
		3B6F1FBC1645C4A900330662 /* iphone_highlightbar.c */ = {isa = PBXFileReference; fileEncoding = 4; lastKnownFileType = sourcecode.c.c; name = iphone_highlightbar.c; path = ../../iphone_highlightbar.c; sourceTree = "<group>"; };
		3B6F1FBD1645C4A900330662 /* iphone_menu_header.c */ = {isa = PBXFileReference; fileEncoding = 4; lastKnownFileType = sourcecode.c.c; name = iphone_menu_header.c; path = ../../iphone_menu_header.c; sourceTree = "<group>"; };
		3B6F1FBE1645C4A900330662 /* iphone_menutile.c */ = {isa = PBXFileReference; fileEncoding = 4; lastKnownFileType = sourcecode.c.c; name = iphone_menutile.c; path = ../../iphone_menutile.c; sourceTree = "<group>"; };
		3B6F1FBF1645C4A900330662 /* iphone_sdk.c */ = {isa = PBXFileReference; fileEncoding = 4; lastKnownFileType = sourcecode.c.c; name = iphone_sdk.c; path = ../../iphone_sdk.c; sourceTree = "<group>"; };
		3B6F1FC01645C4A900330662 /* iphone_sdk.h */ = {isa = PBXFileReference; fileEncoding = 4; lastKnownFileType = sourcecode.c.h; name = iphone_sdk.h; path = ../../iphone_sdk.h; sourceTree = "<group>"; };
		3B6F1FC11645C4A900330662 /* keycodes.h */ = {isa = PBXFileReference; fileEncoding = 4; lastKnownFileType = sourcecode.c.h; name = keycodes.h; path = ../../keycodes.h; sourceTree = "<group>"; };
		3B6F1FC21645C4A900330662 /* language.h */ = {isa = PBXFileReference; fileEncoding = 4; lastKnownFileType = sourcecode.c.h; name = language.h; path = ../../language.h; sourceTree = "<group>"; };
		3B6F1FEA1645C4BB00330662 /* loadzip.cpp */ = {isa = PBXFileReference; fileEncoding = 4; lastKnownFileType = sourcecode.cpp.cpp; name = loadzip.cpp; path = ../../loadzip.cpp; sourceTree = "<group>"; };
		3B6F1FEC1645C4BB00330662 /* main.mm */ = {isa = PBXFileReference; fileEncoding = 4; lastKnownFileType = sourcecode.cpp.objcpp; name = main.mm; path = ../../main.mm; sourceTree = "<group>"; };
		3B6F1FEF1645C4BB00330662 /* memcpy.s */ = {isa = PBXFileReference; explicitFileType = sourcecode.asm.llvm; fileEncoding = 4; name = memcpy.s; path = ../../memcpy.s; sourceTree = "<group>"; };
		3B6F1FF01645C4BB00330662 /* memmap.cpp */ = {isa = PBXFileReference; fileEncoding = 4; lastKnownFileType = sourcecode.cpp.cpp; name = memmap.cpp; path = ../../memmap.cpp; sourceTree = "<group>"; };
		3B6F1FF11645C4BB00330662 /* memmap.h */ = {isa = PBXFileReference; fileEncoding = 4; lastKnownFileType = sourcecode.c.h; name = memmap.h; path = ../../memmap.h; sourceTree = "<group>"; };
		3B6F1FF21645C4BB00330662 /* memset.s */ = {isa = PBXFileReference; explicitFileType = sourcecode.asm.llvm; fileEncoding = 4; name = memset.s; path = ../../memset.s; sourceTree = "<group>"; };
		3B6F1FF31645C4BB00330662 /* menu_header.bmp */ = {isa = PBXFileReference; lastKnownFileType = image.bmp; name = menu_header.bmp; path = ../../menu_header.bmp; sourceTree = "<group>"; };
		3B6F1FF51645C4BB00330662 /* menu.h */ = {isa = PBXFileReference; fileEncoding = 4; lastKnownFileType = sourcecode.c.h; name = menu.h; path = ../../menu.h; sourceTree = "<group>"; };
		3B6F1FF61645C4BB00330662 /* menu.m */ = {isa = PBXFileReference; fileEncoding = 4; lastKnownFileType = sourcecode.c.objc; name = menu.m; path = ../../menu.m; sourceTree = "<group>"; };
		3B6F1FF71645C4BB00330662 /* messages.h */ = {isa = PBXFileReference; fileEncoding = 4; lastKnownFileType = sourcecode.c.h; name = messages.h; path = ../../messages.h; sourceTree = "<group>"; };
		3B6F1FF81645C4BB00330662 /* misc.s */ = {isa = PBXFileReference; explicitFileType = sourcecode.asm.llvm; fileEncoding = 4; name = misc.s; path = ../../misc.s; sourceTree = "<group>"; };
		3B6F1FF91645C4BB00330662 /* missing.h */ = {isa = PBXFileReference; fileEncoding = 4; lastKnownFileType = sourcecode.c.h; name = missing.h; path = ../../missing.h; sourceTree = "<group>"; };
		3B6F1FFA1645C4BB00330662 /* mmuhack.c */ = {isa = PBXFileReference; fileEncoding = 4; lastKnownFileType = sourcecode.c.c; name = mmuhack.c; path = ../../mmuhack.c; sourceTree = "<group>"; };
		3B6F1FFB1645C4BB00330662 /* movie.cpp */ = {isa = PBXFileReference; fileEncoding = 4; lastKnownFileType = sourcecode.cpp.cpp; name = movie.cpp; path = ../../movie.cpp; sourceTree = "<group>"; };
		3B6F1FFC1645C4BB00330662 /* movie.h */ = {isa = PBXFileReference; fileEncoding = 4; lastKnownFileType = sourcecode.c.h; name = movie.h; path = ../../movie.h; sourceTree = "<group>"; };
		3B6F1FFD1645C4BB00330662 /* netplay.h */ = {isa = PBXFileReference; fileEncoding = 4; lastKnownFileType = sourcecode.c.h; name = netplay.h; path = ../../netplay.h; sourceTree = "<group>"; };
		3B6F1FFE1645C4BB00330662 /* newres.h */ = {isa = PBXFileReference; fileEncoding = 4; lastKnownFileType = sourcecode.c.h; name = newres.h; path = ../../newres.h; sourceTree = "<group>"; };
		3B6F1FFF1645C4BB00330662 /* os9x_65c816_def.h */ = {isa = PBXFileReference; fileEncoding = 4; lastKnownFileType = sourcecode.c.h; name = os9x_65c816_def.h; path = ../../os9x_65c816_def.h; sourceTree = "<group>"; };
		3B6F20001645C4BB00330662 /* os9x_65c816_mac_gen.h */ = {isa = PBXFileReference; fileEncoding = 4; lastKnownFileType = sourcecode.c.h; name = os9x_65c816_mac_gen.h; path = ../../os9x_65c816_mac_gen.h; sourceTree = "<group>"; };
		3B6F20011645C4BB00330662 /* os9x_65c816_mac_mem.h */ = {isa = PBXFileReference; fileEncoding = 4; lastKnownFileType = sourcecode.c.h; name = os9x_65c816_mac_mem.h; path = ../../os9x_65c816_mac_mem.h; sourceTree = "<group>"; };
		3B6F20021645C4BB00330662 /* os9x_65c816_mac_op.h */ = {isa = PBXFileReference; fileEncoding = 4; lastKnownFileType = sourcecode.c.h; name = os9x_65c816_mac_op.h; path = ../../os9x_65c816_mac_op.h; sourceTree = "<group>"; };
		3B6F20041645C4BB00330662 /* os9x_65c816.S */ = {isa = PBXFileReference; explicitFileType = sourcecode.asm.llvm; fileEncoding = 4; name = os9x_65c816.S; path = ../../os9x_65c816.S; sourceTree = "<group>"; };
		3B6F20051645C4BB00330662 /* os9x_asm_cpu.cpp */ = {isa = PBXFileReference; fileEncoding = 4; lastKnownFileType = sourcecode.cpp.cpp; name = os9x_asm_cpu.cpp; path = ../../os9x_asm_cpu.cpp; sourceTree = "<group>"; };
		3B6F20061645C4BB00330662 /* os9x_asm_cpu.h */ = {isa = PBXFileReference; fileEncoding = 4; lastKnownFileType = sourcecode.c.h; name = os9x_asm_cpu.h; path = ../../os9x_asm_cpu.h; sourceTree = "<group>"; };
		3B6F20071645C4BB00330662 /* osnes9xgp_asmfunc.S */ = {isa = PBXFileReference; explicitFileType = sourcecode.asm.llvm; fileEncoding = 4; name = osnes9xgp_asmfunc.S; path = ../../osnes9xgp_asmfunc.S; sourceTree = "<group>"; };
		3B6F20081645C4BB00330662 /* pixform.h */ = {isa = PBXFileReference; fileEncoding = 4; lastKnownFileType = sourcecode.c.h; name = pixform.h; path = ../../pixform.h; sourceTree = "<group>"; };
		3B6F20091645C4BB00330662 /* pocketpc.cpp */ = {isa = PBXFileReference; fileEncoding = 4; lastKnownFileType = sourcecode.cpp.cpp; name = pocketpc.cpp; path = ../../pocketpc.cpp; sourceTree = "<group>"; };
		3B6F200A1645C4BB00330662 /* pocketpc.h */ = {isa = PBXFileReference; fileEncoding = 4; lastKnownFileType = sourcecode.c.h; name = pocketpc.h; path = ../../pocketpc.h; sourceTree = "<group>"; };
		3B6F200B1645C4BB00330662 /* PocketSNES.cpp */ = {isa = PBXFileReference; fileEncoding = 4; lastKnownFileType = sourcecode.cpp.cpp; name = PocketSNES.cpp; path = ../../PocketSNES.cpp; sourceTree = "<group>"; };
		3B6F20101645C4BB00330662 /* port.h */ = {isa = PBXFileReference; fileEncoding = 4; lastKnownFileType = sourcecode.c.h; name = port.h; path = ../../port.h; sourceTree = "<group>"; };
		3B6F20111645C4BB00330662 /* ppu_.cpp */ = {isa = PBXFileReference; fileEncoding = 4; lastKnownFileType = sourcecode.cpp.cpp; name = ppu_.cpp; path = ../../ppu_.cpp; sourceTree = "<group>"; };
		3B6F20121645C4BB00330662 /* ppu.cpp */ = {isa = PBXFileReference; fileEncoding = 4; lastKnownFileType = sourcecode.cpp.cpp; name = ppu.cpp; path = ../../ppu.cpp; sourceTree = "<group>"; };
		3B6F20131645C4BB00330662 /* ppu.h */ = {isa = PBXFileReference; fileEncoding = 4; lastKnownFileType = sourcecode.c.h; name = ppu.h; path = ../../ppu.h; sourceTree = "<group>"; };
		3B6F20151645C4BB00330662 /* render8 orr.S */ = {isa = PBXFileReference; fileEncoding = 4; lastKnownFileType = sourcecode.asm; name = "render8 orr.S"; path = "../../render8 orr.S"; sourceTree = "<group>"; };
		3B6F20161645C4BB00330662 /* resource.h */ = {isa = PBXFileReference; fileEncoding = 4; lastKnownFileType = sourcecode.c.h; name = resource.h; path = ../../resource.h; sourceTree = "<group>"; };
		3B6F20171645C4BB00330662 /* sa1.cpp */ = {isa = PBXFileReference; fileEncoding = 4; lastKnownFileType = sourcecode.cpp.cpp; name = sa1.cpp; path = ../../sa1.cpp; sourceTree = "<group>"; };
		3B6F20181645C4BB00330662 /* sa1.h */ = {isa = PBXFileReference; fileEncoding = 4; lastKnownFileType = sourcecode.c.h; name = sa1.h; path = ../../sa1.h; sourceTree = "<group>"; };
		3B6F20191645C4BB00330662 /* sa1cpu.cpp */ = {isa = PBXFileReference; fileEncoding = 4; lastKnownFileType = sourcecode.cpp.cpp; name = sa1cpu.cpp; path = ../../sa1cpu.cpp; sourceTree = "<group>"; };
		3B6F201A1645C4BB00330662 /* sar.h */ = {isa = PBXFileReference; fileEncoding = 4; lastKnownFileType = sourcecode.c.h; name = sar.h; path = ../../sar.h; sourceTree = "<group>"; };
		3B6F201B1645C4BB00330662 /* screenshot.cpp */ = {isa = PBXFileReference; fileEncoding = 4; lastKnownFileType = sourcecode.cpp.cpp; name = screenshot.cpp; path = ../../screenshot.cpp; sourceTree = "<group>"; };
		3B6F201C1645C4BB00330662 /* screenshot.h */ = {isa = PBXFileReference; fileEncoding = 4; lastKnownFileType = sourcecode.c.h; name = screenshot.h; path = ../../screenshot.h; sourceTree = "<group>"; };
		3B6F201D1645C4BB00330662 /* sdd1.cpp */ = {isa = PBXFileReference; fileEncoding = 4; lastKnownFileType = sourcecode.cpp.cpp; name = sdd1.cpp; path = ../../sdd1.cpp; sourceTree = "<group>"; };
		3B6F201E1645C4BB00330662 /* sdd1.h */ = {isa = PBXFileReference; fileEncoding = 4; lastKnownFileType = sourcecode.c.h; name = sdd1.h; path = ../../sdd1.h; sourceTree = "<group>"; };
		3B6F201F1645C4BB00330662 /* sdd1emu.cpp */ = {isa = PBXFileReference; fileEncoding = 4; lastKnownFileType = sourcecode.cpp.cpp; name = sdd1emu.cpp; path = ../../sdd1emu.cpp; sourceTree = "<group>"; };
		3B6F20201645C4BB00330662 /* sdd1emu.h */ = {isa = PBXFileReference; fileEncoding = 4; lastKnownFileType = sourcecode.c.h; name = sdd1emu.h; path = ../../sdd1emu.h; sourceTree = "<group>"; };
		3B6F20211645C4BB00330662 /* seta.cpp */ = {isa = PBXFileReference; fileEncoding = 4; lastKnownFileType = sourcecode.cpp.cpp; name = seta.cpp; path = ../../seta.cpp; sourceTree = "<group>"; };
		3B6F20221645C4BB00330662 /* seta.h */ = {isa = PBXFileReference; fileEncoding = 4; lastKnownFileType = sourcecode.c.h; name = seta.h; path = ../../seta.h; sourceTree = "<group>"; };
		3B6F20231645C4BB00330662 /* seta010.cpp */ = {isa = PBXFileReference; fileEncoding = 4; lastKnownFileType = sourcecode.cpp.cpp; name = seta010.cpp; path = ../../seta010.cpp; sourceTree = "<group>"; };
		3B6F20241645C4BB00330662 /* seta011.cpp */ = {isa = PBXFileReference; fileEncoding = 4; lastKnownFileType = sourcecode.cpp.cpp; name = seta011.cpp; path = ../../seta011.cpp; sourceTree = "<group>"; };
		3B6F20251645C4BB00330662 /* seta018.cpp */ = {isa = PBXFileReference; fileEncoding = 4; lastKnownFileType = sourcecode.cpp.cpp; name = seta018.cpp; path = ../../seta018.cpp; sourceTree = "<group>"; };
		3B6F20261645C4BB00330662 /* snaporig.cpp */ = {isa = PBXFileReference; fileEncoding = 4; lastKnownFileType = sourcecode.cpp.cpp; name = snaporig.cpp; path = ../../snaporig.cpp; sourceTree = "<group>"; };
		3B6F20271645C4BB00330662 /* snaporig.h */ = {isa = PBXFileReference; fileEncoding = 4; lastKnownFileType = sourcecode.c.h; name = snaporig.h; path = ../../snaporig.h; sourceTree = "<group>"; };
		3B6F20281645C4BB00330662 /* snapshot.cpp */ = {isa = PBXFileReference; fileEncoding = 4; lastKnownFileType = sourcecode.cpp.cpp; name = snapshot.cpp; path = ../../snapshot.cpp; sourceTree = "<group>"; };
		3B6F20291645C4BB00330662 /* snapshot.h */ = {isa = PBXFileReference; fileEncoding = 4; lastKnownFileType = sourcecode.c.h; name = snapshot.h; path = ../../snapshot.h; sourceTree = "<group>"; };
		3B6F202B1645C4BB00330662 /* snes9x.cpp */ = {isa = PBXFileReference; fileEncoding = 4; lastKnownFileType = sourcecode.cpp.cpp; name = snes9x.cpp; path = ../../snes9x.cpp; sourceTree = "<group>"; };
		3B6F202C1645C4BB00330662 /* snes9x.h */ = {isa = PBXFileReference; fileEncoding = 4; lastKnownFileType = sourcecode.c.h; name = snes9x.h; path = ../../snes9x.h; sourceTree = "<group>"; };
		3B6F202D1645C4BB00330662 /* soundux.cpp */ = {isa = PBXFileReference; fileEncoding = 4; lastKnownFileType = sourcecode.cpp.cpp; name = soundux.cpp; path = ../../soundux.cpp; sourceTree = "<group>"; };
		3B6F202E1645C4BB00330662 /* soundux.h */ = {isa = PBXFileReference; fileEncoding = 4; lastKnownFileType = sourcecode.c.h; name = soundux.h; path = ../../soundux.h; sourceTree = "<group>"; };
		3B6F202F1645C4BB00330662 /* sounduxnew.cpp */ = {isa = PBXFileReference; fileEncoding = 4; lastKnownFileType = sourcecode.cpp.cpp; name = sounduxnew.cpp; path = ../../sounduxnew.cpp; sourceTree = "<group>"; };
		3B6F20301645C4BB00330662 /* sounduxnew.h */ = {isa = PBXFileReference; fileEncoding = 4; lastKnownFileType = sourcecode.c.h; name = sounduxnew.h; path = ../../sounduxnew.h; sourceTree = "<group>"; };
		3B6F20311645C4BB00330662 /* spc_decode.S */ = {isa = PBXFileReference; explicitFileType = sourcecode.asm.llvm; fileEncoding = 4; name = spc_decode.S; path = ../../spc_decode.S; sourceTree = "<group>"; };
		3B6F20321645C4BB00330662 /* spc700.cpp */ = {isa = PBXFileReference; fileEncoding = 4; lastKnownFileType = sourcecode.cpp.cpp; name = spc700.cpp; path = ../../spc700.cpp; sourceTree = "<group>"; };
		3B6F20331645C4BB00330662 /* spc700.h */ = {isa = PBXFileReference; fileEncoding = 4; lastKnownFileType = sourcecode.c.h; name = spc700.h; path = ../../spc700.h; sourceTree = "<group>"; };
		3B6F20341645C4BB00330662 /* spc700a.s */ = {isa = PBXFileReference; explicitFileType = sourcecode.asm.llvm; fileEncoding = 4; name = spc700a.s; path = ../../spc700a.s; sourceTree = "<group>"; };
		3B6F20351645C4BB00330662 /* squidgehack.c */ = {isa = PBXFileReference; fileEncoding = 4; lastKnownFileType = sourcecode.c.c; name = squidgehack.c; path = ../../squidgehack.c; sourceTree = "<group>"; };
		3B6F20361645C4BB00330662 /* squidgehack.h */ = {isa = PBXFileReference; fileEncoding = 4; lastKnownFileType = sourcecode.c.h; name = squidgehack.h; path = ../../squidgehack.h; sourceTree = "<group>"; };
		3B6F20371645C4BB00330662 /* srtc.cpp */ = {isa = PBXFileReference; fileEncoding = 4; lastKnownFileType = sourcecode.cpp.cpp; name = srtc.cpp; path = ../../srtc.cpp; sourceTree = "<group>"; };
		3B6F20381645C4BB00330662 /* srtc.h */ = {isa = PBXFileReference; fileEncoding = 4; lastKnownFileType = sourcecode.c.h; name = srtc.h; path = ../../srtc.h; sourceTree = "<group>"; };
		3B6F20391645C4BB00330662 /* tile_org.cpp */ = {isa = PBXFileReference; fileEncoding = 4; lastKnownFileType = sourcecode.cpp.cpp; name = tile_org.cpp; path = ../../tile_org.cpp; sourceTree = "<group>"; };
		3B6F203A1645C4BB00330662 /* tile_org.h */ = {isa = PBXFileReference; fileEncoding = 4; lastKnownFileType = sourcecode.c.h; name = tile_org.h; path = ../../tile_org.h; sourceTree = "<group>"; };
		3B6F203B1645C4BB00330662 /* tile.cpp */ = {isa = PBXFileReference; fileEncoding = 4; lastKnownFileType = sourcecode.cpp.cpp; name = tile.cpp; path = ../../tile.cpp; sourceTree = "<group>"; };
		3B6F203C1645C4BB00330662 /* tile.h */ = {isa = PBXFileReference; fileEncoding = 4; lastKnownFileType = sourcecode.c.h; name = tile.h; path = ../../tile.h; sourceTree = "<group>"; };
		3B6F203D1645C4BB00330662 /* tiledave.cpp */ = {isa = PBXFileReference; fileEncoding = 4; lastKnownFileType = sourcecode.cpp.cpp; name = tiledave.cpp; path = ../../tiledave.cpp; sourceTree = "<group>"; };
		3B6F203E1645C4BB00330662 /* tilenew.cpp */ = {isa = PBXFileReference; fileEncoding = 4; lastKnownFileType = sourcecode.cpp.cpp; name = tilenew.cpp; path = ../../tilenew.cpp; sourceTree = "<group>"; };
		3B6F203F1645C4BB00330662 /* unzip.c */ = {isa = PBXFileReference; fileEncoding = 4; lastKnownFileType = sourcecode.c.c; name = unzip.c; path = ../../unzip.c; sourceTree = "<group>"; };
		3B6F20401645C4BB00330662 /* unzip.h */ = {isa = PBXFileReference; fileEncoding = 4; lastKnownFileType = sourcecode.c.h; name = unzip.h; path = ../../unzip.h; sourceTree = "<group>"; };
		3B6F20411645C4BB00330662 /* usbjoy.c */ = {isa = PBXFileReference; fileEncoding = 4; lastKnownFileType = sourcecode.c.c; name = usbjoy.c; path = ../../usbjoy.c; sourceTree = "<group>"; };
		3B6F20421645C4BB00330662 /* usbjoy.h */ = {isa = PBXFileReference; fileEncoding = 4; lastKnownFileType = sourcecode.c.h; name = usbjoy.h; path = ../../usbjoy.h; sourceTree = "<group>"; };
		3B6F20431645C4BB00330662 /* VOIMAGE.CPP */ = {isa = PBXFileReference; fileEncoding = 4; lastKnownFileType = sourcecode.cpp.cpp; name = VOIMAGE.CPP; path = ../../VOIMAGE.CPP; sourceTree = "<group>"; };
		3B6F20441645C4BB00330662 /* VOIMAGE.H */ = {isa = PBXFileReference; fileEncoding = 4; lastKnownFileType = sourcecode.cpp.h; name = VOIMAGE.H; path = ../../VOIMAGE.H; sourceTree = "<group>"; };
/* End PBXFileReference section */

/* Begin PBXFrameworksBuildPhase section */
		3B6F1F651645C48F00330662 /* Frameworks */ = {
			isa = PBXFrameworksBuildPhase;
			buildActionMask = 2147483647;
			files = (
				3B6F1F6C1645C48F00330662 /* Foundation.framework in Frameworks */,
			);
			runOnlyForDeploymentPostprocessing = 0;
		};
/* End PBXFrameworksBuildPhase section */

/* Begin PBXGroup section */
		3B6F1F5D1645C48F00330662 = {
			isa = PBXGroup;
			children = (
				3B6F1F6D1645C48F00330662 /* libsnes */,
				3B6F1F6A1645C48F00330662 /* Frameworks */,
				3B6F1F691645C48F00330662 /* Products */,
			);
			sourceTree = "<group>";
		};
		3B6F1F691645C48F00330662 /* Products */ = {
			isa = PBXGroup;
			children = (
				3B6F1F681645C48F00330662 /* liblibsnes.a */,
			);
			name = Products;
			sourceTree = "<group>";
		};
		3B6F1F6A1645C48F00330662 /* Frameworks */ = {
			isa = PBXGroup;
			children = (
				3B6F1F6B1645C48F00330662 /* Foundation.framework */,
			);
			name = Frameworks;
			sourceTree = "<group>";
		};
		3B6F1F6D1645C48F00330662 /* libsnes */ = {
			isa = PBXGroup;
			children = (
				3B6F1FEA1645C4BB00330662 /* loadzip.cpp */,
				3B6F1FEC1645C4BB00330662 /* main.mm */,
				3B6F1FEF1645C4BB00330662 /* memcpy.s */,
				3B6F1FF01645C4BB00330662 /* memmap.cpp */,
				3B6F1FF11645C4BB00330662 /* memmap.h */,
				3B6F1FF21645C4BB00330662 /* memset.s */,
				3B6F1FF31645C4BB00330662 /* menu_header.bmp */,
				3B6F1FF51645C4BB00330662 /* menu.h */,
				3B6F1FF61645C4BB00330662 /* menu.m */,
				3B6F1FF71645C4BB00330662 /* messages.h */,
				3B6F1FF81645C4BB00330662 /* misc.s */,
				3B6F1FF91645C4BB00330662 /* missing.h */,
				3B6F1FFA1645C4BB00330662 /* mmuhack.c */,
				3B6F1FFB1645C4BB00330662 /* movie.cpp */,
				3B6F1FFC1645C4BB00330662 /* movie.h */,
				3B6F1FFD1645C4BB00330662 /* netplay.h */,
				3B6F1FFE1645C4BB00330662 /* newres.h */,
				3B6F1FFF1645C4BB00330662 /* os9x_65c816_def.h */,
				3B6F20001645C4BB00330662 /* os9x_65c816_mac_gen.h */,
				3B6F20011645C4BB00330662 /* os9x_65c816_mac_mem.h */,
				3B6F20021645C4BB00330662 /* os9x_65c816_mac_op.h */,
				3B6F20041645C4BB00330662 /* os9x_65c816.S */,
				3B6F20051645C4BB00330662 /* os9x_asm_cpu.cpp */,
				3B6F20061645C4BB00330662 /* os9x_asm_cpu.h */,
				3B6F20071645C4BB00330662 /* osnes9xgp_asmfunc.S */,
				3B6F20081645C4BB00330662 /* pixform.h */,
				3B6F20091645C4BB00330662 /* pocketpc.cpp */,
				3B6F200A1645C4BB00330662 /* pocketpc.h */,
				3B6F200B1645C4BB00330662 /* PocketSNES.cpp */,
				3B6F20101645C4BB00330662 /* port.h */,
				3B6F20111645C4BB00330662 /* ppu_.cpp */,
				3B6F20121645C4BB00330662 /* ppu.cpp */,
				3B6F20131645C4BB00330662 /* ppu.h */,
				3B6F20151645C4BB00330662 /* render8 orr.S */,
				3B6F20161645C4BB00330662 /* resource.h */,
				3B6F20171645C4BB00330662 /* sa1.cpp */,
				3B6F20181645C4BB00330662 /* sa1.h */,
				3B6F20191645C4BB00330662 /* sa1cpu.cpp */,
				3B6F201A1645C4BB00330662 /* sar.h */,
				3B6F201B1645C4BB00330662 /* screenshot.cpp */,
				3B6F201C1645C4BB00330662 /* screenshot.h */,
				3B6F201D1645C4BB00330662 /* sdd1.cpp */,
				3B6F201E1645C4BB00330662 /* sdd1.h */,
				3B6F201F1645C4BB00330662 /* sdd1emu.cpp */,
				3B6F20201645C4BB00330662 /* sdd1emu.h */,
				3B6F20211645C4BB00330662 /* seta.cpp */,
				3B6F20221645C4BB00330662 /* seta.h */,
				3B6F20231645C4BB00330662 /* seta010.cpp */,
				3B6F20241645C4BB00330662 /* seta011.cpp */,
				3B6F20251645C4BB00330662 /* seta018.cpp */,
				3B6F20261645C4BB00330662 /* snaporig.cpp */,
				3B6F20271645C4BB00330662 /* snaporig.h */,
				3B6F20281645C4BB00330662 /* snapshot.cpp */,
				3B6F20291645C4BB00330662 /* snapshot.h */,
				3B6F202B1645C4BB00330662 /* snes9x.cpp */,
				3B6F202C1645C4BB00330662 /* snes9x.h */,
				3B6F202D1645C4BB00330662 /* soundux.cpp */,
				3B6F202E1645C4BB00330662 /* soundux.h */,
				3B6F202F1645C4BB00330662 /* sounduxnew.cpp */,
				3B6F20301645C4BB00330662 /* sounduxnew.h */,
				3B6F20311645C4BB00330662 /* spc_decode.S */,
				3B6F20321645C4BB00330662 /* spc700.cpp */,
				3B6F20331645C4BB00330662 /* spc700.h */,
				3B6F20341645C4BB00330662 /* spc700a.s */,
				3B6F20351645C4BB00330662 /* squidgehack.c */,
				3B6F20361645C4BB00330662 /* squidgehack.h */,
				3B6F20371645C4BB00330662 /* srtc.cpp */,
				3B6F20381645C4BB00330662 /* srtc.h */,
				3B6F20391645C4BB00330662 /* tile_org.cpp */,
				3B6F203A1645C4BB00330662 /* tile_org.h */,
				3B6F203B1645C4BB00330662 /* tile.cpp */,
				3B6F203C1645C4BB00330662 /* tile.h */,
				3B6F203D1645C4BB00330662 /* tiledave.cpp */,
				3B6F203E1645C4BB00330662 /* tilenew.cpp */,
				3B6F203F1645C4BB00330662 /* unzip.c */,
				3B6F20401645C4BB00330662 /* unzip.h */,
				3B6F20411645C4BB00330662 /* usbjoy.c */,
				3B6F20421645C4BB00330662 /* usbjoy.h */,
				3B6F20431645C4BB00330662 /* VOIMAGE.CPP */,
				3B6F20441645C4BB00330662 /* VOIMAGE.H */,
				3B6F1F791645C4A900330662 /* 2xsaiwin.cpp */,
				3B6F1F7A1645C4A900330662 /* 3d.h */,
				3B6F1F7B1645C4A900330662 /* 65c816.h */,
				3B6F1F7C1645C4A900330662 /* apu.cpp */,
				3B6F1F7D1645C4A900330662 /* apu.h */,
				3B6F1F7E1645C4A900330662 /* apumem.h */,
				3B6F1F7F1645C4A900330662 /* asmmemfuncs.h */,
				3B6F1F801645C4A900330662 /* c4.cpp */,
				3B6F1F811645C4A900330662 /* c4.h */,
				3B6F1F821645C4A900330662 /* c4emu.cpp */,
				3B6F1F831645C4A900330662 /* cheats.cpp */,
				3B6F1F841645C4A900330662 /* cheats.h */,
				3B6F1F851645C4A900330662 /* cheats2.cpp */,
				3B6F1F861645C4A900330662 /* clip.cpp */,
				3B6F1F871645C4A900330662 /* copyright.h */,
				3B6F1F881645C4A900330662 /* cpu.cpp */,
				3B6F1F891645C4A900330662 /* cpuaddr.h */,
				3B6F1F8A1645C4A900330662 /* cpuexec.cpp */,
				3B6F1F8B1645C4A900330662 /* cpuexec.h */,
				3B6F1F8C1645C4A900330662 /* cpumacro.h */,
				3B6F1F8D1645C4A900330662 /* cpuops.cpp */,
				3B6F1F8E1645C4A900330662 /* cpuops.h */,
				3B6F1F8F1645C4A900330662 /* data.cpp */,
				3B6F1F901645C4A900330662 /* debug.h */,
				3B6F1F911645C4A900330662 /* display.h */,
				3B6F1F921645C4A900330662 /* dma.cpp */,
				3B6F1F931645C4A900330662 /* dma.h */,
				3B6F1F951645C4A900330662 /* dsp1_gp32.h */,
				3B6F1F961645C4A900330662 /* dsp1.cpp */,
				3B6F1F971645C4A900330662 /* dsp1.h */,
				3B6F1F981645C4A900330662 /* dsp1emu_fixed.c */,
				3B6F1F991645C4A900330662 /* dsp1emu_yo.c */,
				3B6F1F9A1645C4A900330662 /* dsp1emu.c */,
				3B6F1F9B1645C4A900330662 /* dsp2emu.c */,
				3B6F1F9D1645C4A900330662 /* font.h */,
				3B6F1F9E1645C4A900330662 /* frame_skip.cpp */,
				3B6F1F9F1645C4A900330662 /* frame_skip.h */,
				3B6F1FA01645C4A900330662 /* fxdbg.cpp */,
				3B6F1FA11645C4A900330662 /* fxemu.cpp */,
				3B6F1FA21645C4A900330662 /* fxemu.h */,
				3B6F1FA31645C4A900330662 /* fxinst.cpp */,
				3B6F1FA41645C4A900330662 /* fxinst.h */,
				3B6F1FA51645C4A900330662 /* gammatab.h */,
				3B6F1FA61645C4A900330662 /* getset.h */,
				3B6F1FA71645C4A900330662 /* gfx_org.cpp */,
				3B6F1FA81645C4A900330662 /* gfx.cpp */,
				3B6F1FA91645C4A900330662 /* gfx.h */,
				3B6F1FAA1645C4A900330662 /* giz_kgsdk.c */,
				3B6F1FAB1645C4A900330662 /* giz_kgsdk.h */,
				3B6F1FAC1645C4A900330662 /* giz_kgsdkasm.s */,
				3B6F1FAD1645C4A900330662 /* giz_sdk_kgsdk.c */,
				3B6F1FAE1645C4A900330662 /* giz_sdk_kgsdk.h */,
				3B6F1FAF1645C4A900330662 /* globals.cpp */,
				3B6F1FB01645C4A900330662 /* gp2x_highlightbar.c */,
				3B6F1FB11645C4A900330662 /* gp2x_menu_header.c */,
				3B6F1FB21645C4A900330662 /* gp2x_menutile.c */,
				3B6F1FB31645C4A900330662 /* gp2x_sdk.c */,
				3B6F1FB41645C4A900330662 /* gp2x_sdk.h */,
				3B6F1FB51645C4A900330662 /* gp32_func.h */,
				3B6F1FB61645C4A900330662 /* gx.h */,
				3B6F1FB71645C4A900330662 /* imgdecmp.h */,
				3B6F1FB81645C4A900330662 /* imgrendr.h */,
				3B6F1FB91645C4A900330662 /* input.m */,
				3B6F1FBA1645C4A900330662 /* ioapi.c */,
				3B6F1FBB1645C4A900330662 /* ioapi.h */,
				3B6F1FBC1645C4A900330662 /* iphone_highlightbar.c */,
				3B6F1FBD1645C4A900330662 /* iphone_menu_header.c */,
				3B6F1FBE1645C4A900330662 /* iphone_menutile.c */,
				3B6F1FBF1645C4A900330662 /* iphone_sdk.c */,
				3B6F1FC01645C4A900330662 /* iphone_sdk.h */,
				3B6F1FC11645C4A900330662 /* keycodes.h */,
				3B6F1FC21645C4A900330662 /* language.h */,
				3B6F1F701645C48F00330662 /* libsnes.h */,
				3B6F1F721645C48F00330662 /* libsnes.m */,
				3B6F1F6E1645C48F00330662 /* Supporting Files */,
			);
			path = libsnes;
			sourceTree = "<group>";
		};
		3B6F1F6E1645C48F00330662 /* Supporting Files */ = {
			isa = PBXGroup;
			children = (
				3B6F1F6F1645C48F00330662 /* libsnes-Prefix.pch */,
			);
			name = "Supporting Files";
			sourceTree = "<group>";
		};
/* End PBXGroup section */

/* Begin PBXNativeTarget section */
		3B6F1F671645C48F00330662 /* libsnes */ = {
			isa = PBXNativeTarget;
			buildConfigurationList = 3B6F1F761645C48F00330662 /* Build configuration list for PBXNativeTarget "libsnes" */;
			buildPhases = (
				3B6F1F641645C48F00330662 /* Sources */,
				3B6F1F651645C48F00330662 /* Frameworks */,
				3B6F1F661645C48F00330662 /* CopyFiles */,
			);
			buildRules = (
			);
			dependencies = (
			);
			name = libsnes;
			productName = libsnes;
			productReference = 3B6F1F681645C48F00330662 /* liblibsnes.a */;
			productType = "com.apple.product-type.library.static";
		};
/* End PBXNativeTarget section */

/* Begin PBXProject section */
		3B6F1F5F1645C48F00330662 /* Project object */ = {
			isa = PBXProject;
			attributes = {
				LastUpgradeCheck = 0450;
				ORGANIZATIONNAME = "佳 王";
			};
			buildConfigurationList = 3B6F1F621645C48F00330662 /* Build configuration list for PBXProject "libsnes" */;
			compatibilityVersion = "Xcode 3.2";
			developmentRegion = English;
			hasScannedForEncodings = 0;
			knownRegions = (
				en,
			);
			mainGroup = 3B6F1F5D1645C48F00330662;
			productRefGroup = 3B6F1F691645C48F00330662 /* Products */;
			projectDirPath = "";
			projectRoot = "";
			targets = (
				3B6F1F671645C48F00330662 /* libsnes */,
			);
		};
/* End PBXProject section */

/* Begin PBXSourcesBuildPhase section */
		3B6F1F641645C48F00330662 /* Sources */ = {
			isa = PBXSourcesBuildPhase;
			buildActionMask = 2147483647;
			files = (
				3B6F1F731645C48F00330662 /* libsnes.m in Sources */,
				3B6F1FC31645C4A900330662 /* 2xsaiwin.cpp in Sources */,
				3B6F1FC41645C4A900330662 /* apu.cpp in Sources */,
				3B6F1FC51645C4A900330662 /* c4.cpp in Sources */,
				3B6F1FC61645C4A900330662 /* c4emu.cpp in Sources */,
				3B6F1FC71645C4A900330662 /* cheats.cpp in Sources */,
				3B6F1FC81645C4A900330662 /* cheats2.cpp in Sources */,
				3B6F1FC91645C4A900330662 /* clip.cpp in Sources */,
				3B6F1FCA1645C4A900330662 /* cpu.cpp in Sources */,
				3B6F1FCB1645C4A900330662 /* cpuexec.cpp in Sources */,
				3B6F1FCC1645C4A900330662 /* cpuops.cpp in Sources */,
				3B6F1FCD1645C4A900330662 /* data.cpp in Sources */,
				3B6F1FCE1645C4A900330662 /* dma.cpp in Sources */,
				3B6F1FD01645C4A900330662 /* dsp1.cpp in Sources */,
				3B6F1FD11645C4A900330662 /* dsp1emu_fixed.c in Sources */,
				3B6F1FD21645C4A900330662 /* dsp1emu_yo.c in Sources */,
				3B6F1FD31645C4A900330662 /* dsp1emu.c in Sources */,
				3B6F1FD41645C4A900330662 /* dsp2emu.c in Sources */,
				3B6F1FD61645C4A900330662 /* frame_skip.cpp in Sources */,
				3B6F1FD71645C4A900330662 /* fxdbg.cpp in Sources */,
				3B6F1FD81645C4A900330662 /* fxemu.cpp in Sources */,
				3B6F1FD91645C4A900330662 /* fxinst.cpp in Sources */,
				3B6F1FDA1645C4A900330662 /* gfx_org.cpp in Sources */,
				3B6F1FDB1645C4A900330662 /* gfx.cpp in Sources */,
				3B6F1FDC1645C4A900330662 /* giz_kgsdk.c in Sources */,
				3B6F1FDD1645C4A900330662 /* giz_kgsdkasm.s in Sources */,
				3B6F1FDE1645C4A900330662 /* giz_sdk_kgsdk.c in Sources */,
				3B6F1FDF1645C4A900330662 /* globals.cpp in Sources */,
				3B6F1FE01645C4A900330662 /* gp2x_highlightbar.c in Sources */,
				3B6F1FE11645C4A900330662 /* gp2x_menu_header.c in Sources */,
				3B6F1FE21645C4A900330662 /* gp2x_menutile.c in Sources */,
				3B6F1FE31645C4A900330662 /* gp2x_sdk.c in Sources */,
				3B6F1FE41645C4A900330662 /* input.m in Sources */,
				3B6F1FE51645C4A900330662 /* ioapi.c in Sources */,
				3B6F1FE61645C4A900330662 /* iphone_highlightbar.c in Sources */,
				3B6F1FE71645C4A900330662 /* iphone_menu_header.c in Sources */,
				3B6F1FE81645C4A900330662 /* iphone_menutile.c in Sources */,
				3B6F1FE91645C4A900330662 /* iphone_sdk.c in Sources */,
				3B6F20481645C4BB00330662 /* loadzip.cpp in Sources */,
				3B6F204A1645C4BB00330662 /* main.mm in Sources */,
				3B6F204C1645C4BB00330662 /* memcpy.s in Sources */,
				3B6F204D1645C4BB00330662 /* memmap.cpp in Sources */,
				3B6F204E1645C4BB00330662 /* memset.s in Sources */,
				3B6F204F1645C4BB00330662 /* menu.m in Sources */,
				3B6F20501645C4BB00330662 /* misc.s in Sources */,
				3B6F20511645C4BB00330662 /* mmuhack.c in Sources */,
				3B6F20521645C4BB00330662 /* movie.cpp in Sources */,
				3B6F20531645C4BB00330662 /* os9x_65c816.S in Sources */,
				3B6F20541645C4BB00330662 /* os9x_asm_cpu.cpp in Sources */,
				3B6F20551645C4BB00330662 /* osnes9xgp_asmfunc.S in Sources */,
				3B6F20561645C4BB00330662 /* pocketpc.cpp in Sources */,
				3B6F20571645C4BB00330662 /* PocketSNES.cpp in Sources */,
				3B6F20581645C4BB00330662 /* ppu_.cpp in Sources */,
				3B6F20591645C4BB00330662 /* ppu.cpp in Sources */,
				3B6F205A1645C4BB00330662 /* render8 orr.S in Sources */,
				3B6F205B1645C4BB00330662 /* sa1.cpp in Sources */,
				3B6F205C1645C4BB00330662 /* sa1cpu.cpp in Sources */,
				3B6F205D1645C4BB00330662 /* screenshot.cpp in Sources */,
				3B6F205E1645C4BB00330662 /* sdd1.cpp in Sources */,
				3B6F205F1645C4BB00330662 /* sdd1emu.cpp in Sources */,
				3B6F20601645C4BB00330662 /* seta.cpp in Sources */,
				3B6F20611645C4BB00330662 /* seta010.cpp in Sources */,
				3B6F20621645C4BB00330662 /* seta011.cpp in Sources */,
				3B6F20631645C4BB00330662 /* seta018.cpp in Sources */,
				3B6F20641645C4BB00330662 /* snaporig.cpp in Sources */,
				3B6F20651645C4BB00330662 /* snapshot.cpp in Sources */,
				3B6F20661645C4BB00330662 /* snes9x.cpp in Sources */,
				3B6F20671645C4BB00330662 /* soundux.cpp in Sources */,
				3B6F20681645C4BB00330662 /* sounduxnew.cpp in Sources */,
				3B6F20691645C4BB00330662 /* spc_decode.S in Sources */,
				3B6F206A1645C4BB00330662 /* spc700.cpp in Sources */,
				3B6F206B1645C4BB00330662 /* spc700a.s in Sources */,
				3B6F206C1645C4BB00330662 /* squidgehack.c in Sources */,
				3B6F206D1645C4BB00330662 /* srtc.cpp in Sources */,
				3B6F206E1645C4BB00330662 /* tile_org.cpp in Sources */,
				3B6F206F1645C4BB00330662 /* tile.cpp in Sources */,
				3B6F20701645C4BB00330662 /* tiledave.cpp in Sources */,
				3B6F20711645C4BB00330662 /* tilenew.cpp in Sources */,
				3B6F20721645C4BB00330662 /* unzip.c in Sources */,
				3B6F20731645C4BB00330662 /* usbjoy.c in Sources */,
				3B6F20741645C4BB00330662 /* VOIMAGE.CPP in Sources */,
			);
			runOnlyForDeploymentPostprocessing = 0;
		};
/* End PBXSourcesBuildPhase section */

/* Begin XCBuildConfiguration section */
		3B6F1F741645C48F00330662 /* Debug */ = {
			isa = XCBuildConfiguration;
			buildSettings = {
				ALWAYS_SEARCH_USER_PATHS = NO;
				CLANG_CXX_LANGUAGE_STANDARD = "gnu++0x";
				CLANG_CXX_LIBRARY = "libc++";
				CLANG_WARN_EMPTY_BODY = YES;
				CLANG_WARN__DUPLICATE_METHOD_MATCH = YES;
				COPY_PHASE_STRIP = NO;
				GCC_C_LANGUAGE_STANDARD = gnu99;
				GCC_DYNAMIC_NO_PIC = NO;
				GCC_OPTIMIZATION_LEVEL = 0;
				GCC_PREPROCESSOR_DEFINITIONS = (
					"DEBUG=1",
					"$(inherited)",
				);
				GCC_SYMBOLS_PRIVATE_EXTERN = NO;
				GCC_WARN_ABOUT_RETURN_TYPE = YES;
				GCC_WARN_UNINITIALIZED_AUTOS = YES;
				GCC_WARN_UNUSED_VARIABLE = YES;
				IPHONEOS_DEPLOYMENT_TARGET = 6.0;
				SDKROOT = iphoneos;
			};
			name = Debug;
		};
		3B6F1F751645C48F00330662 /* Release */ = {
			isa = XCBuildConfiguration;
			buildSettings = {
				ALWAYS_SEARCH_USER_PATHS = NO;
				CLANG_CXX_LANGUAGE_STANDARD = "gnu++0x";
				CLANG_CXX_LIBRARY = "libc++";
				CLANG_WARN_EMPTY_BODY = YES;
				CLANG_WARN__DUPLICATE_METHOD_MATCH = YES;
				COPY_PHASE_STRIP = YES;
				GCC_C_LANGUAGE_STANDARD = gnu99;
				GCC_WARN_ABOUT_RETURN_TYPE = YES;
				GCC_WARN_UNINITIALIZED_AUTOS = YES;
				GCC_WARN_UNUSED_VARIABLE = YES;
				IPHONEOS_DEPLOYMENT_TARGET = 6.0;
				SDKROOT = iphoneos;
				VALIDATE_PRODUCT = YES;
			};
			name = Release;
		};
		3B6F1F771645C48F00330662 /* Debug */ = {
			isa = XCBuildConfiguration;
			buildSettings = {
				DSTROOT = /tmp/libsnes.dst;
				GCC_PRECOMPILE_PREFIX_HEADER = YES;
				GCC_PREFIX_HEADER = "libsnes/libsnes-Prefix.pch";
				OTHER_LDFLAGS = "-ObjC";
				PRODUCT_NAME = "$(TARGET_NAME)";
				SKIP_INSTALL = YES;
			};
			name = Debug;
		};
		3B6F1F781645C48F00330662 /* Release */ = {
			isa = XCBuildConfiguration;
			buildSettings = {
				DSTROOT = /tmp/libsnes.dst;
				GCC_PRECOMPILE_PREFIX_HEADER = YES;
				GCC_PREFIX_HEADER = "libsnes/libsnes-Prefix.pch";
				OTHER_LDFLAGS = "-ObjC";
				PRODUCT_NAME = "$(TARGET_NAME)";
				SKIP_INSTALL = YES;
			};
			name = Release;
		};
/* End XCBuildConfiguration section */

/* Begin XCConfigurationList section */
		3B6F1F621645C48F00330662 /* Build configuration list for PBXProject "libsnes" */ = {
			isa = XCConfigurationList;
			buildConfigurations = (
				3B6F1F741645C48F00330662 /* Debug */,
				3B6F1F751645C48F00330662 /* Release */,
			);
			defaultConfigurationIsVisible = 0;
			defaultConfigurationName = Release;
		};
		3B6F1F761645C48F00330662 /* Build configuration list for PBXNativeTarget "libsnes" */ = {
			isa = XCConfigurationList;
			buildConfigurations = (
				3B6F1F771645C48F00330662 /* Debug */,
				3B6F1F781645C48F00330662 /* Release */,
			);
			defaultConfigurationIsVisible = 0;
		};
/* End XCConfigurationList section */
	};
	rootObject = 3B6F1F5F1645C48F00330662 /* Project object */;
}
